
Microsoft Visual Studio Solution File, Format Version 12.00
# Visual Studio Version 17
VisualStudioVersion = 17.0.31903.59
MinimumVisualStudioVersion = 10.0.40219.1
Project("{2150E333-8FDC-42A3-9474-1A3956D46DE8}") = "src", "src", "{D98434C0-4C9D-4146-A8C9-706C3FF70947}"
EndProject
Project("{FAE04EC0-301F-11D3-BF4B-00C04F79EFBC}") = "AuctionService", "src\AuctionService\AuctionService.csproj", "{6A108AEA-1CD0-4AF5-A4B6-50CFBA694505}"
EndProject
Project("{FAE04EC0-301F-11D3-BF4B-00C04F79EFBC}") = "SearchService", "src\SearchService\SearchService.csproj", "{51ED334C-8C3E-4225-B408-73F7916248C0}"
EndProject
Project("{FAE04EC0-301F-11D3-BF4B-00C04F79EFBC}") = "Contracts", "src\Contracts\Contracts.csproj", "{427B11C2-9D9E-4DBB-A272-1C416D3F468F}"
EndProject
Project("{FAE04EC0-301F-11D3-BF4B-00C04F79EFBC}") = "IdentityService", "src\IdentityService\IdentityService.csproj", "{886DFFD0-054B-4D73-8F05-5BA3187F0C59}"
EndProject
Project("{FAE04EC0-301F-11D3-BF4B-00C04F79EFBC}") = "GatewayService", "src\GatewayService\GatewayService.csproj", "{A67A891B-4A16-4E18-8697-AD8F1EFD446A}"
EndProject
Project("{FAE04EC0-301F-11D3-BF4B-00C04F79EFBC}") = "BiddingService", "src\BiddingService\BiddingService.csproj", "{CA2D7388-F405-41E1-A908-1FD038F2B876}"
EndProject
Project("{FAE04EC0-301F-11D3-BF4B-00C04F79EFBC}") = "NotificationService", "src\NotificationService\NotificationService.csproj", "{FA9A73C3-9816-44BF-93F2-C21FF896D6D6}"
EndProject
Global
	GlobalSection(SolutionConfigurationPlatforms) = preSolution
		Debug|Any CPU = Debug|Any CPU
		Release|Any CPU = Release|Any CPU
	EndGlobalSection
	GlobalSection(ProjectConfigurationPlatforms) = postSolution
		{6A108AEA-1CD0-4AF5-A4B6-50CFBA694505}.Debug|Any CPU.ActiveCfg = Debug|Any CPU
		{6A108AEA-1CD0-4AF5-A4B6-50CFBA694505}.Debug|Any CPU.Build.0 = Debug|Any CPU
		{6A108AEA-1CD0-4AF5-A4B6-50CFBA694505}.Release|Any CPU.ActiveCfg = Release|Any CPU
		{6A108AEA-1CD0-4AF5-A4B6-50CFBA694505}.Release|Any CPU.Build.0 = Release|Any CPU
		{51ED334C-8C3E-4225-B408-73F7916248C0}.Debug|Any CPU.ActiveCfg = Debug|Any CPU
		{51ED334C-8C3E-4225-B408-73F7916248C0}.Debug|Any CPU.Build.0 = Debug|Any CPU
		{51ED334C-8C3E-4225-B408-73F7916248C0}.Release|Any CPU.ActiveCfg = Release|Any CPU
		{51ED334C-8C3E-4225-B408-73F7916248C0}.Release|Any CPU.Build.0 = Release|Any CPU
		{427B11C2-9D9E-4DBB-A272-1C416D3F468F}.Debug|Any CPU.ActiveCfg = Debug|Any CPU
		{427B11C2-9D9E-4DBB-A272-1C416D3F468F}.Debug|Any CPU.Build.0 = Debug|Any CPU
		{427B11C2-9D9E-4DBB-A272-1C416D3F468F}.Release|Any CPU.ActiveCfg = Release|Any CPU
		{427B11C2-9D9E-4DBB-A272-1C416D3F468F}.Release|Any CPU.Build.0 = Release|Any CPU
		{886DFFD0-054B-4D73-8F05-5BA3187F0C59}.Debug|Any CPU.ActiveCfg = Debug|Any CPU
		{886DFFD0-054B-4D73-8F05-5BA3187F0C59}.Debug|Any CPU.Build.0 = Debug|Any CPU
		{886DFFD0-054B-4D73-8F05-5BA3187F0C59}.Release|Any CPU.ActiveCfg = Release|Any CPU
		{886DFFD0-054B-4D73-8F05-5BA3187F0C59}.Release|Any CPU.Build.0 = Release|Any CPU
		{A67A891B-4A16-4E18-8697-AD8F1EFD446A}.Debug|Any CPU.ActiveCfg = Debug|Any CPU
		{A67A891B-4A16-4E18-8697-AD8F1EFD446A}.Debug|Any CPU.Build.0 = Debug|Any CPU
		{A67A891B-4A16-4E18-8697-AD8F1EFD446A}.Release|Any CPU.ActiveCfg = Release|Any CPU
		{A67A891B-4A16-4E18-8697-AD8F1EFD446A}.Release|Any CPU.Build.0 = Release|Any CPU
		{CA2D7388-F405-41E1-A908-1FD038F2B876}.Debug|Any CPU.ActiveCfg = Debug|Any CPU
		{CA2D7388-F405-41E1-A908-1FD038F2B876}.Debug|Any CPU.Build.0 = Debug|Any CPU
		{CA2D7388-F405-41E1-A908-1FD038F2B876}.Release|Any CPU.ActiveCfg = Release|Any CPU
		{CA2D7388-F405-41E1-A908-1FD038F2B876}.Release|Any CPU.Build.0 = Release|Any CPU
		{FA9A73C3-9816-44BF-93F2-C21FF896D6D6}.Debug|Any CPU.ActiveCfg = Debug|Any CPU
		{FA9A73C3-9816-44BF-93F2-C21FF896D6D6}.Debug|Any CPU.Build.0 = Debug|Any CPU
		{FA9A73C3-9816-44BF-93F2-C21FF896D6D6}.Release|Any CPU.ActiveCfg = Release|Any CPU
		{FA9A73C3-9816-44BF-93F2-C21FF896D6D6}.Release|Any CPU.Build.0 = Release|Any CPU
	EndGlobalSection
	GlobalSection(SolutionProperties) = preSolution
		HideSolutionNode = FALSE
	EndGlobalSection
	GlobalSection(NestedProjects) = preSolution
		{6A108AEA-1CD0-4AF5-A4B6-50CFBA694505} = {D98434C0-4C9D-4146-A8C9-706C3FF70947}
		{51ED334C-8C3E-4225-B408-73F7916248C0} = {D98434C0-4C9D-4146-A8C9-706C3FF70947}
		{427B11C2-9D9E-4DBB-A272-1C416D3F468F} = {D98434C0-4C9D-4146-A8C9-706C3FF70947}
		{886DFFD0-054B-4D73-8F05-5BA3187F0C59} = {D98434C0-4C9D-4146-A8C9-706C3FF70947}
		{A67A891B-4A16-4E18-8697-AD8F1EFD446A} = {D98434C0-4C9D-4146-A8C9-706C3FF70947}
		{CA2D7388-F405-41E1-A908-1FD038F2B876} = {D98434C0-4C9D-4146-A8C9-706C3FF70947}
		{FA9A73C3-9816-44BF-93F2-C21FF896D6D6} = {D98434C0-4C9D-4146-A8C9-706C3FF70947}
	EndGlobalSection
EndGlobal
